
Microsoft Visual Studio Solution File, Format Version 12.00
# Visual Studio Version 17
VisualStudioVersion = 17.0.31919.166
MinimumVisualStudioVersion = 10.0.40219.1
Project("{FAE04EC0-301F-11D3-BF4B-00C04F79EFBC}") = "MenuItemListingWebApi", "MenuItemListingWebApi.csproj", "{DC27916E-863E-48BD-AEF5-FE63E1B21796}"
EndProject
Global
	GlobalSection(SolutionConfigurationPlatforms) = preSolution
		Debug|Any CPU = Debug|Any CPU
		Release|Any CPU = Release|Any CPU
	EndGlobalSection
	GlobalSection(ProjectConfigurationPlatforms) = postSolution
		{DC27916E-863E-48BD-AEF5-FE63E1B21796}.Debug|Any CPU.ActiveCfg = Debug|Any CPU
		{DC27916E-863E-48BD-AEF5-FE63E1B21796}.Debug|Any CPU.Build.0 = Debug|Any CPU
		{DC27916E-863E-48BD-AEF5-FE63E1B21796}.Release|Any CPU.ActiveCfg = Release|Any CPU
		{DC27916E-863E-48BD-AEF5-FE63E1B21796}.Release|Any CPU.Build.0 = Release|Any CPU
	EndGlobalSection
	GlobalSection(SolutionProperties) = preSolution
		HideSolutionNode = FALSE
	EndGlobalSection
	GlobalSection(ExtensibilityGlobals) = postSolution
		SolutionGuid = {EBD748C2-DB57-4BEC-8103-0E89D2ED5B2A}
	EndGlobalSection
EndGlobal
